
Microsoft Visual Studio Solution File, Format Version 12.00
# Visual Studio Version 17
VisualStudioVersion = 17.1.32210.238
MinimumVisualStudioVersion = 10.0.40219.1
Project("{9A19103F-16F7-4668-BE54-9A1E7A4F7556}") = "StringIdValidator", "OpenLoco String Id Validator\StringIdValidator.csproj", "{B1DC94CB-A2F8-4ED9-8DFC-1E77613F2329}"
EndProject
Project("{9A19103F-16F7-4668-BE54-9A1E7A4F7556}") = "LocoGlobalAnalyser", "LocoGlobalAnalyser\LocoGlobalAnalyser.csproj", "{CC046671-EA3C-459C-9C03-429BD6EB2249}"
EndProject
Project("{9A19103F-16F7-4668-BE54-9A1E7A4F7556}") = "Common", "Common\Common.csproj", "{5B9E2E07-6466-4916-8025-2A8C168D11D2}"
EndProject
Project("{FAE04EC0-301F-11D3-BF4B-00C04F79EFBC}") = "LanguageFileAnalyser", "LanguageFileAnalyser\LanguageFileAnalyser.csproj", "{F8B40817-380C-4F26-BC65-D4EE0F02F548}"
EndProject
Global
	GlobalSection(SolutionConfigurationPlatforms) = preSolution
		Debug|Any CPU = Debug|Any CPU
		Release|Any CPU = Release|Any CPU
	EndGlobalSection
	GlobalSection(ProjectConfigurationPlatforms) = postSolution
		{B1DC94CB-A2F8-4ED9-8DFC-1E77613F2329}.Debug|Any CPU.ActiveCfg = Debug|Any CPU
		{B1DC94CB-A2F8-4ED9-8DFC-1E77613F2329}.Debug|Any CPU.Build.0 = Debug|Any CPU
		{B1DC94CB-A2F8-4ED9-8DFC-1E77613F2329}.Release|Any CPU.ActiveCfg = Release|Any CPU
		{B1DC94CB-A2F8-4ED9-8DFC-1E77613F2329}.Release|Any CPU.Build.0 = Release|Any CPU
		{CC046671-EA3C-459C-9C03-429BD6EB2249}.Debug|Any CPU.ActiveCfg = Debug|Any CPU
		{CC046671-EA3C-459C-9C03-429BD6EB2249}.Debug|Any CPU.Build.0 = Debug|Any CPU
		{CC046671-EA3C-459C-9C03-429BD6EB2249}.Release|Any CPU.ActiveCfg = Release|Any CPU
		{CC046671-EA3C-459C-9C03-429BD6EB2249}.Release|Any CPU.Build.0 = Release|Any CPU
		{5B9E2E07-6466-4916-8025-2A8C168D11D2}.Debug|Any CPU.ActiveCfg = Debug|Any CPU
		{5B9E2E07-6466-4916-8025-2A8C168D11D2}.Debug|Any CPU.Build.0 = Debug|Any CPU
		{5B9E2E07-6466-4916-8025-2A8C168D11D2}.Release|Any CPU.ActiveCfg = Release|Any CPU
		{5B9E2E07-6466-4916-8025-2A8C168D11D2}.Release|Any CPU.Build.0 = Release|Any CPU
		{F8B40817-380C-4F26-BC65-D4EE0F02F548}.Debug|Any CPU.ActiveCfg = Debug|Any CPU
		{F8B40817-380C-4F26-BC65-D4EE0F02F548}.Debug|Any CPU.Build.0 = Debug|Any CPU
		{F8B40817-380C-4F26-BC65-D4EE0F02F548}.Release|Any CPU.ActiveCfg = Release|Any CPU
		{F8B40817-380C-4F26-BC65-D4EE0F02F548}.Release|Any CPU.Build.0 = Release|Any CPU
	EndGlobalSection
	GlobalSection(SolutionProperties) = preSolution
		HideSolutionNode = FALSE
	EndGlobalSection
	GlobalSection(ExtensibilityGlobals) = postSolution
		SolutionGuid = {9482FA73-20E5-4B2D-90CF-02AEB1645DB5}
	EndGlobalSection
EndGlobal
